
Microsoft Visual Studio Solution File, Format Version 12.00
# Visual Studio Version 17
VisualStudioVersion = 17.0.31903.59
MinimumVisualStudioVersion = 10.0.40219.1
Project("{FAE04EC0-301F-11D3-BF4B-00C04F79EFBC}") = "WebScanner", "WebScanner\WebScanner.csproj", "{BF0B5D74-CC8A-4BB1-A43A-0D296ADD9C1A}"
EndProject
Project("{FAE04EC0-301F-11D3-BF4B-00C04F79EFBC}") = "UrlScannerLib", "UrlScannerLib\UrlScannerLib.csproj", "{E9FE5235-AA13-4E7C-A14D-AE2255B529F7}"
EndProject
Global
	GlobalSection(SolutionConfigurationPlatforms) = preSolution
		Debug|Any CPU = Debug|Any CPU
		Release|Any CPU = Release|Any CPU
	EndGlobalSection
	GlobalSection(SolutionProperties) = preSolution
		HideSolutionNode = FALSE
	EndGlobalSection
	GlobalSection(ProjectConfigurationPlatforms) = postSolution
		{BF0B5D74-CC8A-4BB1-A43A-0D296ADD9C1A}.Debug|Any CPU.ActiveCfg = Debug|Any CPU
		{BF0B5D74-CC8A-4BB1-A43A-0D296ADD9C1A}.Debug|Any CPU.Build.0 = Debug|Any CPU
		{BF0B5D74-CC8A-4BB1-A43A-0D296ADD9C1A}.Release|Any CPU.ActiveCfg = Release|Any CPU
		{BF0B5D74-CC8A-4BB1-A43A-0D296ADD9C1A}.Release|Any CPU.Build.0 = Release|Any CPU
		{E9FE5235-AA13-4E7C-A14D-AE2255B529F7}.Debug|Any CPU.ActiveCfg = Debug|Any CPU
		{E9FE5235-AA13-4E7C-A14D-AE2255B529F7}.Debug|Any CPU.Build.0 = Debug|Any CPU
		{E9FE5235-AA13-4E7C-A14D-AE2255B529F7}.Release|Any CPU.ActiveCfg = Release|Any CPU
		{E9FE5235-AA13-4E7C-A14D-AE2255B529F7}.Release|Any CPU.Build.0 = Release|Any CPU
	EndGlobalSection
EndGlobal
